
Microsoft Visual Studio Solution File, Format Version 12.00
# Visual Studio 14
VisualStudioVersion = 14.0.25420.1
MinimumVisualStudioVersion = 10.0.40219.1
Project("{FAE04EC0-301F-11D3-BF4B-00C04F79EFBC}") = "Template.Droid", "Template\Template.Droid\Template.Droid.csproj", "{B3C38FBE-1206-47BD-9E0A-742B90F531E6}"
EndProject
Project("{FAE04EC0-301F-11D3-BF4B-00C04F79EFBC}") = "Template.iOS", "Template\Template.iOS\Template.iOS.csproj", "{C34C3541-4525-4AC8-B5C5-59F4C0C9554D}"
EndProject
Project("{FAE04EC0-301F-11D3-BF4B-00C04F79EFBC}") = "Template", "Template\Template\Template.csproj", "{D697A26A-E965-4871-B521-F71B419C7D8F}"
EndProject
Global
	GlobalSection(SolutionConfigurationPlatforms) = preSolution
		Debug|Any CPU = Debug|Any CPU
		Debug|ARM = Debug|ARM
		Debug|iPhone = Debug|iPhone
		Debug|iPhoneSimulator = Debug|iPhoneSimulator
		Debug|x86 = Debug|x86
		Release|Any CPU = Release|Any CPU
		Release|ARM = Release|ARM
		Release|iPhone = Release|iPhone
		Release|iPhoneSimulator = Release|iPhoneSimulator
		Release|x86 = Release|x86
	EndGlobalSection
	GlobalSection(ProjectConfigurationPlatforms) = postSolution
		{B3C38FBE-1206-47BD-9E0A-742B90F531E6}.Debug|Any CPU.ActiveCfg = Debug|Any CPU
		{B3C38FBE-1206-47BD-9E0A-742B90F531E6}.Debug|Any CPU.Build.0 = Debug|Any CPU
		{B3C38FBE-1206-47BD-9E0A-742B90F531E6}.Debug|Any CPU.Deploy.0 = Debug|Any CPU
		{B3C38FBE-1206-47BD-9E0A-742B90F531E6}.Debug|ARM.ActiveCfg = Debug|Any CPU
		{B3C38FBE-1206-47BD-9E0A-742B90F531E6}.Debug|ARM.Build.0 = Debug|Any CPU
		{B3C38FBE-1206-47BD-9E0A-742B90F531E6}.Debug|ARM.Deploy.0 = Debug|Any CPU
		{B3C38FBE-1206-47BD-9E0A-742B90F531E6}.Debug|iPhone.ActiveCfg = Debug|Any CPU
		{B3C38FBE-1206-47BD-9E0A-742B90F531E6}.Debug|iPhone.Build.0 = Debug|Any CPU
		{B3C38FBE-1206-47BD-9E0A-742B90F531E6}.Debug|iPhone.Deploy.0 = Debug|Any CPU
		{B3C38FBE-1206-47BD-9E0A-742B90F531E6}.Debug|iPhoneSimulator.ActiveCfg = Debug|Any CPU
		{B3C38FBE-1206-47BD-9E0A-742B90F531E6}.Debug|iPhoneSimulator.Build.0 = Debug|Any CPU
		{B3C38FBE-1206-47BD-9E0A-742B90F531E6}.Debug|iPhoneSimulator.Deploy.0 = Debug|Any CPU
		{B3C38FBE-1206-47BD-9E0A-742B90F531E6}.Debug|x86.ActiveCfg = Debug|Any CPU
		{B3C38FBE-1206-47BD-9E0A-742B90F531E6}.Debug|x86.Build.0 = Debug|Any CPU
		{B3C38FBE-1206-47BD-9E0A-742B90F531E6}.Debug|x86.Deploy.0 = Debug|Any CPU
		{B3C38FBE-1206-47BD-9E0A-742B90F531E6}.Release|Any CPU.ActiveCfg = Release|Any CPU
		{B3C38FBE-1206-47BD-9E0A-742B90F531E6}.Release|Any CPU.Build.0 = Release|Any CPU
		{B3C38FBE-1206-47BD-9E0A-742B90F531E6}.Release|Any CPU.Deploy.0 = Release|Any CPU
		{B3C38FBE-1206-47BD-9E0A-742B90F531E6}.Release|ARM.ActiveCfg = Release|Any CPU
		{B3C38FBE-1206-47BD-9E0A-742B90F531E6}.Release|ARM.Build.0 = Release|Any CPU
		{B3C38FBE-1206-47BD-9E0A-742B90F531E6}.Release|ARM.Deploy.0 = Release|Any CPU
		{B3C38FBE-1206-47BD-9E0A-742B90F531E6}.Release|iPhone.ActiveCfg = Release|Any CPU
		{B3C38FBE-1206-47BD-9E0A-742B90F531E6}.Release|iPhone.Build.0 = Release|Any CPU
		{B3C38FBE-1206-47BD-9E0A-742B90F531E6}.Release|iPhone.Deploy.0 = Release|Any CPU
		{B3C38FBE-1206-47BD-9E0A-742B90F531E6}.Release|iPhoneSimulator.ActiveCfg = Release|Any CPU
		{B3C38FBE-1206-47BD-9E0A-742B90F531E6}.Release|iPhoneSimulator.Build.0 = Release|Any CPU
		{B3C38FBE-1206-47BD-9E0A-742B90F531E6}.Release|iPhoneSimulator.Deploy.0 = Release|Any CPU
		{B3C38FBE-1206-47BD-9E0A-742B90F531E6}.Release|x86.ActiveCfg = Release|Any CPU
		{B3C38FBE-1206-47BD-9E0A-742B90F531E6}.Release|x86.Build.0 = Release|Any CPU
		{B3C38FBE-1206-47BD-9E0A-742B90F531E6}.Release|x86.Deploy.0 = Release|Any CPU
		{C34C3541-4525-4AC8-B5C5-59F4C0C9554D}.Debug|Any CPU.ActiveCfg = Debug|iPhone
		{C34C3541-4525-4AC8-B5C5-59F4C0C9554D}.Debug|ARM.ActiveCfg = Debug|iPhone
		{C34C3541-4525-4AC8-B5C5-59F4C0C9554D}.Debug|iPhone.ActiveCfg = Debug|iPhone
		{C34C3541-4525-4AC8-B5C5-59F4C0C9554D}.Debug|iPhone.Build.0 = Debug|iPhone
		{C34C3541-4525-4AC8-B5C5-59F4C0C9554D}.Debug|iPhoneSimulator.ActiveCfg = Debug|iPhoneSimulator
		{C34C3541-4525-4AC8-B5C5-59F4C0C9554D}.Debug|iPhoneSimulator.Build.0 = Debug|iPhoneSimulator
		{C34C3541-4525-4AC8-B5C5-59F4C0C9554D}.Debug|x86.ActiveCfg = Debug|iPhone
		{C34C3541-4525-4AC8-B5C5-59F4C0C9554D}.Release|Any CPU.ActiveCfg = Release|iPhone
		{C34C3541-4525-4AC8-B5C5-59F4C0C9554D}.Release|ARM.ActiveCfg = Release|iPhone
		{C34C3541-4525-4AC8-B5C5-59F4C0C9554D}.Release|iPhone.ActiveCfg = Release|iPhone
		{C34C3541-4525-4AC8-B5C5-59F4C0C9554D}.Release|iPhone.Build.0 = Release|iPhone
		{C34C3541-4525-4AC8-B5C5-59F4C0C9554D}.Release|iPhoneSimulator.ActiveCfg = Release|iPhoneSimulator
		{C34C3541-4525-4AC8-B5C5-59F4C0C9554D}.Release|iPhoneSimulator.Build.0 = Release|iPhoneSimulator
		{C34C3541-4525-4AC8-B5C5-59F4C0C9554D}.Release|x86.ActiveCfg = Release|iPhone
		{D697A26A-E965-4871-B521-F71B419C7D8F}.Debug|Any CPU.ActiveCfg = Debug|Any CPU
		{D697A26A-E965-4871-B521-F71B419C7D8F}.Debug|Any CPU.Build.0 = Debug|Any CPU
		{D697A26A-E965-4871-B521-F71B419C7D8F}.Debug|ARM.ActiveCfg = Debug|Any CPU
		{D697A26A-E965-4871-B521-F71B419C7D8F}.Debug|ARM.Build.0 = Debug|Any CPU
		{D697A26A-E965-4871-B521-F71B419C7D8F}.Debug|iPhone.ActiveCfg = Debug|Any CPU
		{D697A26A-E965-4871-B521-F71B419C7D8F}.Debug|iPhone.Build.0 = Debug|Any CPU
		{D697A26A-E965-4871-B521-F71B419C7D8F}.Debug|iPhoneSimulator.ActiveCfg = Debug|Any CPU
		{D697A26A-E965-4871-B521-F71B419C7D8F}.Debug|iPhoneSimulator.Build.0 = Debug|Any CPU
		{D697A26A-E965-4871-B521-F71B419C7D8F}.Debug|x86.ActiveCfg = Debug|Any CPU
		{D697A26A-E965-4871-B521-F71B419C7D8F}.Debug|x86.Build.0 = Debug|Any CPU
		{D697A26A-E965-4871-B521-F71B419C7D8F}.Release|Any CPU.ActiveCfg = Release|Any CPU
		{D697A26A-E965-4871-B521-F71B419C7D8F}.Release|Any CPU.Build.0 = Release|Any CPU
		{D697A26A-E965-4871-B521-F71B419C7D8F}.Release|ARM.ActiveCfg = Release|Any CPU
		{D697A26A-E965-4871-B521-F71B419C7D8F}.Release|ARM.Build.0 = Release|Any CPU
		{D697A26A-E965-4871-B521-F71B419C7D8F}.Release|iPhone.ActiveCfg = Release|Any CPU
		{D697A26A-E965-4871-B521-F71B419C7D8F}.Release|iPhone.Build.0 = Release|Any CPU
		{D697A26A-E965-4871-B521-F71B419C7D8F}.Release|iPhoneSimulator.ActiveCfg = Release|Any CPU
		{D697A26A-E965-4871-B521-F71B419C7D8F}.Release|iPhoneSimulator.Build.0 = Release|Any CPU
		{D697A26A-E965-4871-B521-F71B419C7D8F}.Release|x86.ActiveCfg = Release|Any CPU
		{D697A26A-E965-4871-B521-F71B419C7D8F}.Release|x86.Build.0 = Release|Any CPU
	EndGlobalSection
	GlobalSection(SolutionProperties) = preSolution
		HideSolutionNode = FALSE
	EndGlobalSection
EndGlobal
